{
  "name": "flux-ui-v2",
  "version": "1.0.0",
  "lockfileVersion": 3,
  "requires": true,
  "packages": {
    "": {
      "name": "flux-ui-v2",
      "version": "1.0.0",
      "license": "MIT",
      "devDependencies": {
        "@types/vscode": "^1.86.0"
      },
      "engines": {
        "vscode": "^1.86.0"
      }
    },
    "node_modules/@types/vscode": {
      "version": "1.108.1",
      "resolved": "https://registry.npmjs.org/@types/vscode/-/vscode-1.108.1.tgz",
      "integrity": "sha512-DerV0BbSzt87TbrqmZ7lRDIYaMiqvP8tmJTzW2p49ZBVtGUnGAu2RGQd1Wv4XMzEVUpaHbsemVM5nfuQJj7H6w==",
      "dev": true,
      "license": "MIT"
    }
  }
}
